
Microsoft Visual Studio Solution File, Format Version 12.00
Project("{FAE04EC0-301F-11D3-BF4B-00C04F79EFBC}") = "WorldSimApp", "WorldSimApp.csproj", "{DEF7C8F9-AAF9-4443-B5CA-4633DB8C4B0C}"
EndProject
Global
	GlobalSection(SolutionConfigurationPlatforms) = preSolution
		Debug|Any CPU = Debug|Any CPU
		Release|Any CPU = Release|Any CPU
	EndGlobalSection
	GlobalSection(ProjectConfigurationPlatforms) = postSolution
		{DEF7C8F9-AAF9-4443-B5CA-4633DB8C4B0C}.Debug|Any CPU.ActiveCfg = Debug|Any CPU
		{DEF7C8F9-AAF9-4443-B5CA-4633DB8C4B0C}.Debug|Any CPU.Build.0 = Debug|Any CPU
		{DEF7C8F9-AAF9-4443-B5CA-4633DB8C4B0C}.Release|Any CPU.ActiveCfg = Release|Any CPU
		{DEF7C8F9-AAF9-4443-B5CA-4633DB8C4B0C}.Release|Any CPU.Build.0 = Release|Any CPU
	EndGlobalSection
EndGlobal
